
Microsoft Visual Studio Solution File, Format Version 12.00
# Visual Studio Version 16
VisualStudioVersion = 16.0.30011.22
MinimumVisualStudioVersion = 10.0.40219.1
Project("{8BC9CEB8-8B4A-11D0-8D11-00A0C91BC942}") = "MatrixSeedServerExample", "MatrixSeedServerExample\MatrixSeedServerExample.vcxproj", "{5B70790B-E246-49E9-91F0-E75AC3B78581}"
EndProject
Global
	GlobalSection(SolutionConfigurationPlatforms) = preSolution
		Debug|x64 = Debug|x64
		Release|x64 = Release|x64
	EndGlobalSection
	GlobalSection(ProjectConfigurationPlatforms) = postSolution
		{5B70790B-E246-49E9-91F0-E75AC3B78581}.Debug|x64.ActiveCfg = Debug|x64
		{5B70790B-E246-49E9-91F0-E75AC3B78581}.Debug|x64.Build.0 = Debug|x64
		{5B70790B-E246-49E9-91F0-E75AC3B78581}.Release|x64.ActiveCfg = Release|x64
		{5B70790B-E246-49E9-91F0-E75AC3B78581}.Release|x64.Build.0 = Release|x64
	EndGlobalSection
	GlobalSection(SolutionProperties) = preSolution
		HideSolutionNode = FALSE
	EndGlobalSection
	GlobalSection(ExtensibilityGlobals) = postSolution
		SolutionGuid = {9EA13FF1-56C3-494A-8178-68023C92D0D6}
	EndGlobalSection
EndGlobal
