<?xml version="1.0" encoding="utf-8"?>
<Project ToolsVersion="4.0" xmlns="http://schemas.microsoft.com/developer/msbuild/2003">
  <ItemGroup>
    <CudaCompile Include="sha3\sha3.c">
      <Filter>sha3</Filter>
    </CudaCompile>
  </ItemGroup>
  <ItemGroup>
    <ClInclude Include="ThreadPool.h" />
    <ClInclude Include="sha3\byte_order.h">
      <Filter>sha3</Filter>
    </ClInclude>
    <ClInclude Include="sha3\sha3.h">
      <Filter>sha3</Filter>
    </ClInclude>
    <ClInclude Include="sha3\ustd.h">
      <Filter>sha3</Filter>
    </ClInclude>
    <ClInclude Include="yaml\Yaml.hpp">
      <Filter>yaml</Filter>
    </ClInclude>
    <ClInclude Include="PrivacyAmplification.h" />
    <ClInclude Include="vuda\vuda.hpp">
      <Filter>vuda</Filter>
    </ClInclude>
    <ClInclude Include="vuda\vuda_runtime.hpp">
      <Filter>vuda</Filter>
    </ClInclude>
    <ClInclude Include="vkFFT\vkFFT.h">
      <Filter>vkFFT</Filter>
    </ClInclude>
    <ClInclude Include="vkFFT\vkFFT_helper.h">
      <Filter>vkFFT</Filter>
    </ClInclude>
    <ClInclude Include="half_lib\half.hpp">
      <Filter>half_lib</Filter>
    </ClInclude>
    <ClInclude Include="vuda\api\devicemgr.hpp">
      <Filter>vuda\api</Filter>
    </ClInclude>
    <ClInclude Include="vuda\api\eventmgr.hpp">
      <Filter>vuda\api</Filter>
    </ClInclude>
    <ClInclude Include="vuda\api\memmgr.hpp">
      <Filter>vuda\api</Filter>
    </ClInclude>
    <ClInclude Include="vuda\api\streammgr.hpp">
      <Filter>vuda\api</Filter>
    </ClInclude>
    <ClInclude Include="vuda\api\vudakernel.hpp">
      <Filter>vuda\api</Filter>
    </ClInclude>
    <ClInclude Include="vuda\state\binarysearchtree.hpp">
      <Filter>vuda\state</Filter>
    </ClInclude>
    <ClInclude Include="vuda\state\event.hpp">
      <Filter>vuda\state</Filter>
    </ClInclude>
    <ClInclude Include="vuda\state\instance.hpp">
      <Filter>vuda\state</Filter>
    </ClInclude>
    <ClInclude Include="vuda\state\interfacelogicaldevices.hpp">
      <Filter>vuda\state</Filter>
    </ClInclude>
    <ClInclude Include="vuda\state\kernellaunchinfo.hpp">
      <Filter>vuda\state</Filter>
    </ClInclude>
    <ClInclude Include="vuda\state\kernelprogram.hpp">
      <Filter>vuda\state</Filter>
    </ClInclude>
    <ClInclude Include="vuda\state\logicaldevice.hpp">
      <Filter>vuda\state</Filter>
    </ClInclude>
    <ClInclude Include="vuda\state\memoryallocator.hpp">
      <Filter>vuda\state</Filter>
    </ClInclude>
    <ClInclude Include="vuda\state\node_cached.hpp">
      <Filter>vuda\state</Filter>
    </ClInclude>
    <ClInclude Include="vuda\state\node_device.hpp">
      <Filter>vuda\state</Filter>
    </ClInclude>
    <ClInclude Include="vuda\state\node_host.hpp">
      <Filter>vuda\state</Filter>
    </ClInclude>
    <ClInclude Include="vuda\state\node_internal.hpp">
      <Filter>vuda\state</Filter>
    </ClInclude>
    <ClInclude Include="vuda\state\node_storage.hpp">
      <Filter>vuda\state</Filter>
    </ClInclude>
    <ClInclude Include="vuda\state\pool.hpp">
      <Filter>vuda\state</Filter>
    </ClInclude>
    <ClInclude Include="vuda\state\singleton.hpp">
      <Filter>vuda\state</Filter>
    </ClInclude>
    <ClInclude Include="vuda\state\specialization.hpp">
      <Filter>vuda\state</Filter>
    </ClInclude>
    <ClInclude Include="vuda\state\thrdcmdpool.hpp">
      <Filter>vuda\state</Filter>
    </ClInclude>
    <ClInclude Include="vuda\state\threadinfo.hpp">
      <Filter>vuda\state</Filter>
    </ClInclude>
    <ClInclude Include="vuda\state\virtualalloc.hpp">
      <Filter>vuda\state</Filter>
    </ClInclude>
    <ClInclude Include="vuda\state\vulkanfunc.hpp">
      <Filter>vuda\state</Filter>
    </ClInclude>
    <ClInclude Include="vuda\setup\debug.hpp">
      <Filter>vuda\setup</Filter>
    </ClInclude>
    <ClInclude Include="vuda\setup\debugkernel.hpp">
      <Filter>vuda\setup</Filter>
    </ClInclude>
    <ClInclude Include="vuda\setup\setup.hpp">
      <Filter>vuda\setup</Filter>
    </ClInclude>
    <ClInclude Include="vuda\setup\types.hpp">
      <Filter>vuda\setup</Filter>
    </ClInclude>
  </ItemGroup>
  <ItemGroup>
    <Filter Include="sha3">
      <UniqueIdentifier>{0c8bd3a1-e4a7-4e94-94be-cf6009a09b88}</UniqueIdentifier>
    </Filter>
    <Filter Include="yaml">
      <UniqueIdentifier>{c4a772ad-6576-4038-91c1-2e02e77562a4}</UniqueIdentifier>
    </Filter>
    <Filter Include="vuda">
      <UniqueIdentifier>{e8deac1a-01eb-4a7b-99b4-3f016d3d5bbf}</UniqueIdentifier>
    </Filter>
    <Filter Include="vkFFT">
      <UniqueIdentifier>{dc71fb4a-fcb9-46cf-8147-9f5cb806a498}</UniqueIdentifier>
    </Filter>
    <Filter Include="half_lib">
      <UniqueIdentifier>{58cec59d-2f72-4904-9839-5d914e65d759}</UniqueIdentifier>
    </Filter>
    <Filter Include="vuda\api">
      <UniqueIdentifier>{eddc8cab-6422-4737-a0b8-94c86539cd98}</UniqueIdentifier>
    </Filter>
    <Filter Include="vuda\setup">
      <UniqueIdentifier>{fe9a05bf-137b-4722-9f26-2662e1c9ef77}</UniqueIdentifier>
    </Filter>
    <Filter Include="vuda\state">
      <UniqueIdentifier>{e9d84dd6-ac4e-4bd1-a215-17a72631bc56}</UniqueIdentifier>
    </Filter>
  </ItemGroup>
  <ItemGroup>
    <ClCompile Include="yaml\Yaml.cpp">
      <Filter>yaml</Filter>
    </ClCompile>
    <ClCompile Include="PrivacyAmplification.cu" />
  </ItemGroup>
  <ItemGroup>
    <None Include="vuda\state\kernelprogram.inl">
      <Filter>vuda\state</Filter>
    </None>
    <None Include="vuda\state\logicaldevice.inl">
      <Filter>vuda\state</Filter>
    </None>
  </ItemGroup>
</Project>