<?xml version="1.0" encoding="utf-8"?>
<Project ToolsVersion="4.0" xmlns="http://schemas.microsoft.com/developer/msbuild/2003">
  <ItemGroup>
    <CudaCompile Include="PrivacyAmplification.cu" />
  </ItemGroup>
  <ItemGroup>
    <None Include="random_toeplitz_seed_veracrypt_xor_quantum.bin" />
  </ItemGroup>
  <ItemGroup>
    <ClCompile Include="sha3.c" />
  </ItemGroup>
  <ItemGroup>
    <ClInclude Include="sha3.h" />
  </ItemGroup>
</Project>